
Microsoft Visual Studio Solution File, Format Version 12.00
# Visual Studio Version 17
VisualStudioVersion = 17.11.35327.3
MinimumVisualStudioVersion = 10.0.40219.1
Project("{FAE04EC0-301F-11D3-BF4B-00C04F79EFBC}") = "GW2 Achievement Tracker", "GW2 Achievement Tracker.csproj", "{7A17DECB-B1FB-40DB-863B-FA1CDDADE4CD}"
EndProject
Global
	GlobalSection(SolutionConfigurationPlatforms) = preSolution
		Debug|Any CPU = Debug|Any CPU
		Release|Any CPU = Release|Any CPU
	EndGlobalSection
	GlobalSection(ProjectConfigurationPlatforms) = postSolution
		{7A17DECB-B1FB-40DB-863B-FA1CDDADE4CD}.Debug|Any CPU.ActiveCfg = Debug|Any CPU
		{7A17DECB-B1FB-40DB-863B-FA1CDDADE4CD}.Debug|Any CPU.Build.0 = Debug|Any CPU
		{7A17DECB-B1FB-40DB-863B-FA1CDDADE4CD}.Release|Any CPU.ActiveCfg = Release|Any CPU
		{7A17DECB-B1FB-40DB-863B-FA1CDDADE4CD}.Release|Any CPU.Build.0 = Release|Any CPU
	EndGlobalSection
	GlobalSection(SolutionProperties) = preSolution
		HideSolutionNode = FALSE
	EndGlobalSection
	GlobalSection(ExtensibilityGlobals) = postSolution
		SolutionGuid = {D68D30C3-28EC-4B20-AAEB-B15A65277519}
	EndGlobalSection
EndGlobal
